
Microsoft Visual Studio Solution File, Format Version 12.00
# Visual Studio Version 17
VisualStudioVersion = 17.9.34607.119
MinimumVisualStudioVersion = 10.0.40219.1
Project("{FAE04EC0-301F-11D3-BF4B-00C04F79EFBC}") = "Polymorphism", "Polymorphism\Polymorphism.csproj", "{7B246437-7C4E-4E3E-ADC1-F104012E9532}"
EndProject
Global
	GlobalSection(SolutionConfigurationPlatforms) = preSolution
		Debug|Any CPU = Debug|Any CPU
		Release|Any CPU = Release|Any CPU
	EndGlobalSection
	GlobalSection(ProjectConfigurationPlatforms) = postSolution
		{7B246437-7C4E-4E3E-ADC1-F104012E9532}.Debug|Any CPU.ActiveCfg = Debug|Any CPU
		{7B246437-7C4E-4E3E-ADC1-F104012E9532}.Debug|Any CPU.Build.0 = Debug|Any CPU
		{7B246437-7C4E-4E3E-ADC1-F104012E9532}.Release|Any CPU.ActiveCfg = Release|Any CPU
		{7B246437-7C4E-4E3E-ADC1-F104012E9532}.Release|Any CPU.Build.0 = Release|Any CPU
	EndGlobalSection
	GlobalSection(SolutionProperties) = preSolution
		HideSolutionNode = FALSE
	EndGlobalSection
	GlobalSection(ExtensibilityGlobals) = postSolution
		SolutionGuid = {BFCCFED6-785E-4A62-B806-AA367CB20A99}
	EndGlobalSection
EndGlobal
